// !$*UTF8*$!
{
	archiveVersion = 1;
	classes = {
	};
	objectVersion = 46;
	objects = {

/* Begin PBXBuildFile section */
		9479B2111E09AFDF00F217DB /* main.cpp in Sources */ = {isa = PBXBuildFile; fileRef = 9479B2101E09AFDF00F217DB /* main.cpp */; };
/* End PBXBuildFile section */

/* Begin PBXCopyFilesBuildPhase section */
		9479B20B1E09AFDF00F217DB /* CopyFiles */ = {
			isa = PBXCopyFilesBuildPhase;
			buildActionMask = 2147483647;
			dstPath = /usr/share/man/man1/;
			dstSubfolderSpec = 0;
			files = (
			);
			runOnlyForDeploymentPostprocessing = 1;
		};
/* End PBXCopyFilesBuildPhase section */

/* Begin PBXFileReference section */
		9460FC631E10E82C00EA49BA /* connect.txt */ = {isa = PBXFileReference; fileEncoding = 4; lastKnownFileType = text; path = connect.txt; sourceTree = "<group>"; };
		9460FC641E10E82C00EA49BA /* sc.txt */ = {isa = PBXFileReference; fileEncoding = 4; lastKnownFileType = text; path = sc.txt; sourceTree = "<group>"; };
		9479B20D1E09AFDF00F217DB /* ResourceDistributionWithMatrixes */ = {isa = PBXFileReference; explicitFileType = "compiled.mach-o.executable"; includeInIndex = 0; path = ResourceDistributionWithMatrixes; sourceTree = BUILT_PRODUCTS_DIR; };
		9479B2101E09AFDF00F217DB /* main.cpp */ = {isa = PBXFileReference; lastKnownFileType = sourcecode.cpp.cpp; path = main.cpp; sourceTree = "<group>"; };
/* End PBXFileReference section */

/* Begin PBXFrameworksBuildPhase section */
		9479B20A1E09AFDF00F217DB /* Frameworks */ = {
			isa = PBXFrameworksBuildPhase;
			buildActionMask = 2147483647;
			files = (
			);
			runOnlyForDeploymentPostprocessing = 0;
		};
/* End PBXFrameworksBuildPhase section */

/* Begin PBXGroup section */
		9479B2041E09AFDF00F217DB = {
			isa = PBXGroup;
			children = (
				9479B20F1E09AFDF00F217DB /* ResourceDistributionWithMatrixes */,
				9479B20E1E09AFDF00F217DB /* Products */,
			);
			sourceTree = "<group>";
		};
		9479B20E1E09AFDF00F217DB /* Products */ = {
			isa = PBXGroup;
			children = (
				9479B20D1E09AFDF00F217DB /* ResourceDistributionWithMatrixes */,
			);
			name = Products;
			sourceTree = "<group>";
		};
		9479B20F1E09AFDF00F217DB /* ResourceDistributionWithMatrixes */ = {
			isa = PBXGroup;
			children = (
				9460FC631E10E82C00EA49BA /* connect.txt */,
				9460FC641E10E82C00EA49BA /* sc.txt */,
				9479B2101E09AFDF00F217DB /* main.cpp */,
			);
			path = ResourceDistributionWithMatrixes;
			sourceTree = "<group>";
		};
/* End PBXGroup section */

/* Begin PBXNativeTarget section */
		9479B20C1E09AFDF00F217DB /* ResourceDistributionWithMatrixes */ = {
			isa = PBXNativeTarget;
			buildConfigurationList = 9479B2141E09AFDF00F217DB /* Build configuration list for PBXNativeTarget "ResourceDistributionWithMatrixes" */;
			buildPhases = (
				9479B2091E09AFDF00F217DB /* Sources */,
				9479B20A1E09AFDF00F217DB /* Frameworks */,
				9479B20B1E09AFDF00F217DB /* CopyFiles */,
			);
			buildRules = (
			);
			dependencies = (
			);
			name = ResourceDistributionWithMatrixes;
			productName = ResourceDistributionWithMatrixes;
			productReference = 9479B20D1E09AFDF00F217DB /* ResourceDistributionWithMatrixes */;
			productType = "com.apple.product-type.tool";
		};
/* End PBXNativeTarget section */

/* Begin PBXProject section */
		9479B2051E09AFDF00F217DB /* Project object */ = {
			isa = PBXProject;
			attributes = {
				LastUpgradeCheck = 0820;
				ORGANIZATIONNAME = "Emilio Gonzalez";
				TargetAttributes = {
					9479B20C1E09AFDF00F217DB = {
						CreatedOnToolsVersion = 8.2;
						ProvisioningStyle = Automatic;
					};
				};
			};
			buildConfigurationList = 9479B2081E09AFDF00F217DB /* Build configuration list for PBXProject "ResourceDistributionWithMatrixes" */;
			compatibilityVersion = "Xcode 3.2";
			developmentRegion = English;
			hasScannedForEncodings = 0;
			knownRegions = (
				en,
			);
			mainGroup = 9479B2041E09AFDF00F217DB;
			productRefGroup = 9479B20E1E09AFDF00F217DB /* Products */;
			projectDirPath = "";
			projectRoot = "";
			targets = (
				9479B20C1E09AFDF00F217DB /* ResourceDistributionWithMatrixes */,
			);
		};
/* End PBXProject section */

/* Begin PBXSourcesBuildPhase section */
		9479B2091E09AFDF00F217DB /* Sources */ = {
			isa = PBXSourcesBuildPhase;
			buildActionMask = 2147483647;
			files = (
				9479B2111E09AFDF00F217DB /* main.cpp in Sources */,
			);
			runOnlyForDeploymentPostprocessing = 0;
		};
/* End PBXSourcesBuildPhase section */

/* Begin XCBuildConfiguration section */
		9479B2121E09AFDF00F217DB /* Debug */ = {
			isa = XCBuildConfiguration;
			buildSettings = {
				ALWAYS_SEARCH_USER_PATHS = NO;
				CLANG_ANALYZER_NONNULL = YES;
				CLANG_CXX_LANGUAGE_STANDARD = "gnu++0x";
				CLANG_CXX_LIBRARY = "libc++";
				CLANG_ENABLE_MODULES = YES;
				CLANG_ENABLE_OBJC_ARC = YES;
				CLANG_WARN_BOOL_CONVERSION = YES;
				CLANG_WARN_CONSTANT_CONVERSION = YES;
				CLANG_WARN_DIRECT_OBJC_ISA_USAGE = YES_ERROR;
				CLANG_WARN_DOCUMENTATION_COMMENTS = YES;
				CLANG_WARN_EMPTY_BODY = YES;
				CLANG_WARN_ENUM_CONVERSION = YES;
				CLANG_WARN_INFINITE_RECURSION = YES;
				CLANG_WARN_INT_CONVERSION = YES;
				CLANG_WARN_OBJC_ROOT_CLASS = YES_ERROR;
				CLANG_WARN_SUSPICIOUS_MOVE = YES;
				CLANG_WARN_UNREACHABLE_CODE = YES;
				CLANG_WARN__DUPLICATE_METHOD_MATCH = YES;
				CODE_SIGN_IDENTITY = "-";
				COPY_PHASE_STRIP = NO;
				DEBUG_INFORMATION_FORMAT = dwarf;
				ENABLE_STRICT_OBJC_MSGSEND = YES;
				ENABLE_TESTABILITY = YES;
				GCC_C_LANGUAGE_STANDARD = gnu99;
				GCC_DYNAMIC_NO_PIC = NO;
				GCC_NO_COMMON_BLOCKS = YES;
				GCC_OPTIMIZATION_LEVEL = 0;
				GCC_PREPROCESSOR_DEFINITIONS = (
					"DEBUG=1",
					"$(inherited)",
				);
				GCC_WARN_64_TO_32_BIT_CONVERSION = YES;
				GCC_WARN_ABOUT_RETURN_TYPE = YES_ERROR;
				GCC_WARN_UNDECLARED_SELECTOR = YES;
				GCC_WARN_UNINITIALIZED_AUTOS = YES_AGGRESSIVE;
				GCC_WARN_UNUSED_FUNCTION = YES;
				GCC_WARN_UNUSED_VARIABLE = YES;
				MACOSX_DEPLOYMENT_TARGET = 10.12;
				MTL_ENABLE_DEBUG_INFO = YES;
				ONLY_ACTIVE_ARCH = YES;
				SDKROOT = macosx;
			};
			name = Debug;
		};
		9479B2131E09AFDF00F217DB /* Release */ = {
			isa = XCBuildConfiguration;
			buildSettings = {
				ALWAYS_SEARCH_USER_PATHS = NO;
				CLANG_ANALYZER_NONNULL = YES;
				CLANG_CXX_LANGUAGE_STANDARD = "gnu++0x";
				CLANG_CXX_LIBRARY = "libc++";
				CLANG_ENABLE_MODULES = YES;
				CLANG_ENABLE_OBJC_ARC = YES;
				CLANG_WARN_BOOL_CONVERSION = YES;
				CLANG_WARN_CONSTANT_CONVERSION = YES;
				CLANG_WARN_DIRECT_OBJC_ISA_USAGE = YES_ERROR;
				CLANG_WARN_DOCUMENTATION_COMMENTS = YES;
				CLANG_WARN_EMPTY_BODY = YES;
				CLANG_WARN_ENUM_CONVERSION = YES;
				CLANG_WARN_INFINITE_RECURSION = YES;
				CLANG_WARN_INT_CONVERSION = YES;
				CLANG_WARN_OBJC_ROOT_CLASS = YES_ERROR;
				CLANG_WARN_SUSPICIOUS_MOVE = YES;
				CLANG_WARN_UNREACHABLE_CODE = YES;
				CLANG_WARN__DUPLICATE_METHOD_MATCH = YES;
				CODE_SIGN_IDENTITY = "-";
				COPY_PHASE_STRIP = NO;
				DEBUG_INFORMATION_FORMAT = "dwarf-with-dsym";
				ENABLE_NS_ASSERTIONS = NO;
				ENABLE_STRICT_OBJC_MSGSEND = YES;
				GCC_C_LANGUAGE_STANDARD = gnu99;
				GCC_NO_COMMON_BLOCKS = YES;
				GCC_WARN_64_TO_32_BIT_CONVERSION = YES;
				GCC_WARN_ABOUT_RETURN_TYPE = YES_ERROR;
				GCC_WARN_UNDECLARED_SELECTOR = YES;
				GCC_WARN_UNINITIALIZED_AUTOS = YES_AGGRESSIVE;
				GCC_WARN_UNUSED_FUNCTION = YES;
				GCC_WARN_UNUSED_VARIABLE = YES;
				MACOSX_DEPLOYMENT_TARGET = 10.12;
				MTL_ENABLE_DEBUG_INFO = NO;
				SDKROOT = macosx;
			};
			name = Release;
		};
		9479B2151E09AFDF00F217DB /* Debug */ = {
			isa = XCBuildConfiguration;
			buildSettings = {
				PRODUCT_NAME = "$(TARGET_NAME)";
			};
			name = Debug;
		};
		9479B2161E09AFDF00F217DB /* Release */ = {
			isa = XCBuildConfiguration;
			buildSettings = {
				PRODUCT_NAME = "$(TARGET_NAME)";
			};
			name = Release;
		};
/* End XCBuildConfiguration section */

/* Begin XCConfigurationList section */
		9479B2081E09AFDF00F217DB /* Build configuration list for PBXProject "ResourceDistributionWithMatrixes" */ = {
			isa = XCConfigurationList;
			buildConfigurations = (
				9479B2121E09AFDF00F217DB /* Debug */,
				9479B2131E09AFDF00F217DB /* Release */,
			);
			defaultConfigurationIsVisible = 0;
			defaultConfigurationName = Release;
		};
		9479B2141E09AFDF00F217DB /* Build configuration list for PBXNativeTarget "ResourceDistributionWithMatrixes" */ = {
			isa = XCConfigurationList;
			buildConfigurations = (
				9479B2151E09AFDF00F217DB /* Debug */,
				9479B2161E09AFDF00F217DB /* Release */,
			);
			defaultConfigurationIsVisible = 0;
			defaultConfigurationName = Release;
		};
/* End XCConfigurationList section */
	};
	rootObject = 9479B2051E09AFDF00F217DB /* Project object */;
}
